# This file is automatically @generated by Cargo.
# It is not intended for manual editing.
version = 3

[[package]]
name = "bencher"
version = "0.1.5"
source = "registry+https://github.com/rust-lang/crates.io-index"
checksum = "7dfdb4953a096c551ce9ace855a604d702e6e62d77fac690575ae347571717f5"

[[package]]
name = "cc"
version = "1.0.90"
source = "registry+https://github.com/rust-lang/crates.io-index"
checksum = "8cd6604a82acf3039f1144f54b8eb34e91ffba622051189e71b781822d5ee1f5"
dependencies = [
 "jobserver",
 "libc",
]

[[package]]
name = "chemfiles"
version = "0.10.41"
source = "registry+https://github.com/rust-lang/crates.io-index"
checksum = "2c2765083950cdde2b21e491edf458c59ab247d27336e9637e3cc7bead724aff"
dependencies = [
 "chemfiles-sys",
]

[[package]]
name = "chemfiles-sys"
version = "0.10.41"
source = "registry+https://github.com/rust-lang/crates.io-index"
checksum = "00b42b868610adae00ecc6af80edc12b25353b0d125b13d30417207bf5072a78"
dependencies = [
 "cmake",
]

[[package]]
name = "cmake"
version = "0.1.50"
source = "registry+https://github.com/rust-lang/crates.io-index"
checksum = "a31c789563b815f77f4250caee12365734369f942439b7defd71e18a48197130"
dependencies = [
 "cc",
]

[[package]]
name = "glam"
version = "0.25.0"
source = "registry+https://github.com/rust-lang/crates.io-index"
checksum = "151665d9be52f9bb40fc7966565d39666f2d1e69233571b71b87791c7e0528b3"

[[package]]
name = "jobserver"
version = "0.1.28"
source = "registry+https://github.com/rust-lang/crates.io-index"
checksum = "ab46a6e9526ddef3ae7f787c06f0f2600639ba80ea3eade3d8e670a2230f51d6"
dependencies = [
 "libc",
]

[[package]]
name = "lazy-init"
version = "0.3.0"
source = "registry+https://github.com/rust-lang/crates.io-index"
checksum = "e71f2233af239a915476da8ee21a57331d82b9880c78220451ece7cb5862d313"

[[package]]
name = "libc"
version = "0.2.153"
source = "registry+https://github.com/rust-lang/crates.io-index"
checksum = "9c198f91728a82281a64e1f4f9eeb25d82cb32a5de251c6bd1b5154d63a8e7bd"

[[package]]
name = "molly"
version = "0.1.0"
dependencies = [
 "bencher",
 "chemfiles",
 "glam",
 "xdrfile",
]

[[package]]
name = "xdrfile"
version = "0.3.0"
source = "registry+https://github.com/rust-lang/crates.io-index"
checksum = "bf1595f570602d54ac2e301f814d6ad5c00446043930d7912525ab3d10985b4f"
dependencies = [
 "cc",
 "lazy-init",
]
