# This file is automatically @generated by Cargo.
# It is not intended for manual editing.
version = 3

[[package]]
name = "cc"
version = "1.0.90"
source = "registry+https://github.com/rust-lang/crates.io-index"
checksum = "8cd6604a82acf3039f1144f54b8eb34e91ffba622051189e71b781822d5ee1f5"

[[package]]
name = "chemfiles"
version = "0.10.41"
source = "registry+https://github.com/rust-lang/crates.io-index"
checksum = "2c2765083950cdde2b21e491edf458c59ab247d27336e9637e3cc7bead724aff"
dependencies = [
 "chemfiles-sys",
]

[[package]]
name = "chemfiles-sys"
version = "0.10.41"
source = "registry+https://github.com/rust-lang/crates.io-index"
checksum = "00b42b868610adae00ecc6af80edc12b25353b0d125b13d30417207bf5072a78"
dependencies = [
 "cmake",
]

[[package]]
name = "cmake"
version = "0.1.50"
source = "registry+https://github.com/rust-lang/crates.io-index"
checksum = "a31c789563b815f77f4250caee12365734369f942439b7defd71e18a48197130"
dependencies = [
 "cc",
]

[[package]]
name = "glam"
version = "0.25.0"
source = "registry+https://github.com/rust-lang/crates.io-index"
checksum = "151665d9be52f9bb40fc7966565d39666f2d1e69233571b71b87791c7e0528b3"

[[package]]
name = "molly"
version = "0.1.0"
dependencies = [
 "chemfiles",
 "glam",
]
